// !$*UTF8*$!
{
	archiveVersion = 1;
	classes = {
	};
	objectVersion = 50;
	objects = {

/* Begin PBXBuildFile section */
		CD2CC7AE26C56E0D00E7EFEA /* AppDelegate.swift in Sources */ = {isa = PBXBuildFile; fileRef = CD2CC7AD26C56E0D00E7EFEA /* AppDelegate.swift */; };
		CD2CC7B026C56E0D00E7EFEA /* SceneDelegate.swift in Sources */ = {isa = PBXBuildFile; fileRef = CD2CC7AF26C56E0D00E7EFEA /* SceneDelegate.swift */; };
		CD2CC7B226C56E0D00E7EFEA /* ViewController.swift in Sources */ = {isa = PBXBuildFile; fileRef = CD2CC7B126C56E0D00E7EFEA /* ViewController.swift */; };
		CD2CC7B526C56E0D00E7EFEA /* Main.storyboard in Resources */ = {isa = PBXBuildFile; fileRef = CD2CC7B326C56E0D00E7EFEA /* Main.storyboard */; };
		CD2CC7B726C56E0E00E7EFEA /* Assets.xcassets in Resources */ = {isa = PBXBuildFile; fileRef = CD2CC7B626C56E0E00E7EFEA /* Assets.xcassets */; };
		CD2CC7BA26C56E0E00E7EFEA /* LaunchScreen.storyboard in Resources */ = {isa = PBXBuildFile; fileRef = CD2CC7B826C56E0E00E7EFEA /* LaunchScreen.storyboard */; };
		CD2CC7C526C56E0E00E7EFEA /* TechPodTests.swift in Sources */ = {isa = PBXBuildFile; fileRef = CD2CC7C426C56E0E00E7EFEA /* TechPodTests.swift */; };
		CD2CC7D026C56E0E00E7EFEA /* TechPodUITests.swift in Sources */ = {isa = PBXBuildFile; fileRef = CD2CC7CF26C56E0E00E7EFEA /* TechPodUITests.swift */; };
		CD2CC7E626C6072800E7EFEA /* cannon.mp3 in Resources */ = {isa = PBXBuildFile; fileRef = CD2CC7DF26C6072800E7EFEA /* cannon.mp3 */; };
		CD2CC7E726C6072800E7EFEA /* elise.mp3 in Resources */ = {isa = PBXBuildFile; fileRef = CD2CC7E026C6072800E7EFEA /* elise.mp3 */; };
		CD2CC7E826C6072800E7EFEA /* aria.mp3 in Resources */ = {isa = PBXBuildFile; fileRef = CD2CC7E126C6072800E7EFEA /* aria.mp3 */; };
		CD2CC7E926C6072800E7EFEA /* Beethoven.jpg in Resources */ = {isa = PBXBuildFile; fileRef = CD2CC7E326C6072800E7EFEA /* Beethoven.jpg */; };
		CD2CC7EA26C6072800E7EFEA /* Pachelbel.jpg in Resources */ = {isa = PBXBuildFile; fileRef = CD2CC7E426C6072800E7EFEA /* Pachelbel.jpg */; };
		CD2CC7EB26C6072800E7EFEA /* Bach.jpg in Resources */ = {isa = PBXBuildFile; fileRef = CD2CC7E526C6072800E7EFEA /* Bach.jpg */; };
/* End PBXBuildFile section */

/* Begin PBXContainerItemProxy section */
		CD2CC7C126C56E0E00E7EFEA /* PBXContainerItemProxy */ = {
			isa = PBXContainerItemProxy;
			containerPortal = CD2CC7A226C56E0D00E7EFEA /* Project object */;
			proxyType = 1;
			remoteGlobalIDString = CD2CC7A926C56E0D00E7EFEA;
			remoteInfo = TechPod;
		};
		CD2CC7CC26C56E0E00E7EFEA /* PBXContainerItemProxy */ = {
			isa = PBXContainerItemProxy;
			containerPortal = CD2CC7A226C56E0D00E7EFEA /* Project object */;
			proxyType = 1;
			remoteGlobalIDString = CD2CC7A926C56E0D00E7EFEA;
			remoteInfo = TechPod;
		};
/* End PBXContainerItemProxy section */

/* Begin PBXFileReference section */
		CD2CC7AA26C56E0D00E7EFEA /* TechPod.app */ = {isa = PBXFileReference; explicitFileType = wrapper.application; includeInIndex = 0; path = TechPod.app; sourceTree = BUILT_PRODUCTS_DIR; };
		CD2CC7AD26C56E0D00E7EFEA /* AppDelegate.swift */ = {isa = PBXFileReference; lastKnownFileType = sourcecode.swift; path = AppDelegate.swift; sourceTree = "<group>"; };
		CD2CC7AF26C56E0D00E7EFEA /* SceneDelegate.swift */ = {isa = PBXFileReference; lastKnownFileType = sourcecode.swift; path = SceneDelegate.swift; sourceTree = "<group>"; };
		CD2CC7B126C56E0D00E7EFEA /* ViewController.swift */ = {isa = PBXFileReference; lastKnownFileType = sourcecode.swift; path = ViewController.swift; sourceTree = "<group>"; };
		CD2CC7B426C56E0D00E7EFEA /* Base */ = {isa = PBXFileReference; lastKnownFileType = file.storyboard; name = Base; path = Base.lproj/Main.storyboard; sourceTree = "<group>"; };
		CD2CC7B626C56E0E00E7EFEA /* Assets.xcassets */ = {isa = PBXFileReference; lastKnownFileType = folder.assetcatalog; path = Assets.xcassets; sourceTree = "<group>"; };
		CD2CC7B926C56E0E00E7EFEA /* Base */ = {isa = PBXFileReference; lastKnownFileType = file.storyboard; name = Base; path = Base.lproj/LaunchScreen.storyboard; sourceTree = "<group>"; };
		CD2CC7BB26C56E0E00E7EFEA /* Info.plist */ = {isa = PBXFileReference; lastKnownFileType = text.plist.xml; path = Info.plist; sourceTree = "<group>"; };
		CD2CC7C026C56E0E00E7EFEA /* TechPodTests.xctest */ = {isa = PBXFileReference; explicitFileType = wrapper.cfbundle; includeInIndex = 0; path = TechPodTests.xctest; sourceTree = BUILT_PRODUCTS_DIR; };
		CD2CC7C426C56E0E00E7EFEA /* TechPodTests.swift */ = {isa = PBXFileReference; lastKnownFileType = sourcecode.swift; path = TechPodTests.swift; sourceTree = "<group>"; };
		CD2CC7C626C56E0E00E7EFEA /* Info.plist */ = {isa = PBXFileReference; lastKnownFileType = text.plist.xml; path = Info.plist; sourceTree = "<group>"; };
		CD2CC7CB26C56E0E00E7EFEA /* TechPodUITests.xctest */ = {isa = PBXFileReference; explicitFileType = wrapper.cfbundle; includeInIndex = 0; path = TechPodUITests.xctest; sourceTree = BUILT_PRODUCTS_DIR; };
		CD2CC7CF26C56E0E00E7EFEA /* TechPodUITests.swift */ = {isa = PBXFileReference; lastKnownFileType = sourcecode.swift; path = TechPodUITests.swift; sourceTree = "<group>"; };
		CD2CC7D126C56E0E00E7EFEA /* Info.plist */ = {isa = PBXFileReference; lastKnownFileType = text.plist.xml; path = Info.plist; sourceTree = "<group>"; };
		CD2CC7DF26C6072800E7EFEA /* cannon.mp3 */ = {isa = PBXFileReference; lastKnownFileType = audio.mp3; path = cannon.mp3; sourceTree = "<group>"; };
		CD2CC7E026C6072800E7EFEA /* elise.mp3 */ = {isa = PBXFileReference; lastKnownFileType = audio.mp3; path = elise.mp3; sourceTree = "<group>"; };
		CD2CC7E126C6072800E7EFEA /* aria.mp3 */ = {isa = PBXFileReference; lastKnownFileType = audio.mp3; path = aria.mp3; sourceTree = "<group>"; };
		CD2CC7E326C6072800E7EFEA /* Beethoven.jpg */ = {isa = PBXFileReference; lastKnownFileType = image.jpeg; path = Beethoven.jpg; sourceTree = "<group>"; };
		CD2CC7E426C6072800E7EFEA /* Pachelbel.jpg */ = {isa = PBXFileReference; lastKnownFileType = image.jpeg; path = Pachelbel.jpg; sourceTree = "<group>"; };
		CD2CC7E526C6072800E7EFEA /* Bach.jpg */ = {isa = PBXFileReference; lastKnownFileType = image.jpeg; path = Bach.jpg; sourceTree = "<group>"; };
/* End PBXFileReference section */

/* Begin PBXFrameworksBuildPhase section */
		CD2CC7A726C56E0D00E7EFEA /* Frameworks */ = {
			isa = PBXFrameworksBuildPhase;
			buildActionMask = 2147483647;
			files = (
			);
			runOnlyForDeploymentPostprocessing = 0;
		};
		CD2CC7BD26C56E0E00E7EFEA /* Frameworks */ = {
			isa = PBXFrameworksBuildPhase;
			buildActionMask = 2147483647;
			files = (
			);
			runOnlyForDeploymentPostprocessing = 0;
		};
		CD2CC7C826C56E0E00E7EFEA /* Frameworks */ = {
			isa = PBXFrameworksBuildPhase;
			buildActionMask = 2147483647;
			files = (
			);
			runOnlyForDeploymentPostprocessing = 0;
		};
/* End PBXFrameworksBuildPhase section */

/* Begin PBXGroup section */
		CD2CC7A126C56E0D00E7EFEA = {
			isa = PBXGroup;
			children = (
				CD2CC7AC26C56E0D00E7EFEA /* TechPod */,
				CD2CC7C326C56E0E00E7EFEA /* TechPodTests */,
				CD2CC7CE26C56E0E00E7EFEA /* TechPodUITests */,
				CD2CC7AB26C56E0D00E7EFEA /* Products */,
			);
			sourceTree = "<group>";
		};
		CD2CC7AB26C56E0D00E7EFEA /* Products */ = {
			isa = PBXGroup;
			children = (
				CD2CC7AA26C56E0D00E7EFEA /* TechPod.app */,
				CD2CC7C026C56E0E00E7EFEA /* TechPodTests.xctest */,
				CD2CC7CB26C56E0E00E7EFEA /* TechPodUITests.xctest */,
			);
			name = Products;
			sourceTree = "<group>";
		};
		CD2CC7AC26C56E0D00E7EFEA /* TechPod */ = {
			isa = PBXGroup;
			children = (
				CD2CC7AD26C56E0D00E7EFEA /* AppDelegate.swift */,
				CD2CC7AF26C56E0D00E7EFEA /* SceneDelegate.swift */,
				CD2CC7B126C56E0D00E7EFEA /* ViewController.swift */,
				CD2CC7B326C56E0D00E7EFEA /* Main.storyboard */,
				CD2CC7B626C56E0E00E7EFEA /* Assets.xcassets */,
				CD2CC7B826C56E0E00E7EFEA /* LaunchScreen.storyboard */,
				CD2CC7BB26C56E0E00E7EFEA /* Info.plist */,
				CD2CC7DD26C6072800E7EFEA /* Resources */,
			);
			path = TechPod;
			sourceTree = "<group>";
		};
		CD2CC7C326C56E0E00E7EFEA /* TechPodTests */ = {
			isa = PBXGroup;
			children = (
				CD2CC7C426C56E0E00E7EFEA /* TechPodTests.swift */,
				CD2CC7C626C56E0E00E7EFEA /* Info.plist */,
			);
			path = TechPodTests;
			sourceTree = "<group>";
		};
		CD2CC7CE26C56E0E00E7EFEA /* TechPodUITests */ = {
			isa = PBXGroup;
			children = (
				CD2CC7CF26C56E0E00E7EFEA /* TechPodUITests.swift */,
				CD2CC7D126C56E0E00E7EFEA /* Info.plist */,
			);
			path = TechPodUITests;
			sourceTree = "<group>";
		};
		CD2CC7DD26C6072800E7EFEA /* Resources */ = {
			isa = PBXGroup;
			children = (
				CD2CC7DE26C6072800E7EFEA /* Songs */,
				CD2CC7E226C6072800E7EFEA /* Images */,
			);
			path = Resources;
			sourceTree = "<group>";
		};
		CD2CC7DE26C6072800E7EFEA /* Songs */ = {
			isa = PBXGroup;
			children = (
				CD2CC7DF26C6072800E7EFEA /* cannon.mp3 */,
				CD2CC7E026C6072800E7EFEA /* elise.mp3 */,
				CD2CC7E126C6072800E7EFEA /* aria.mp3 */,
			);
			path = Songs;
			sourceTree = "<group>";
		};
		CD2CC7E226C6072800E7EFEA /* Images */ = {
			isa = PBXGroup;
			children = (
				CD2CC7E326C6072800E7EFEA /* Beethoven.jpg */,
				CD2CC7E426C6072800E7EFEA /* Pachelbel.jpg */,
				CD2CC7E526C6072800E7EFEA /* Bach.jpg */,
			);
			path = Images;
			sourceTree = "<group>";
		};
/* End PBXGroup section */

/* Begin PBXNativeTarget section */
		CD2CC7A926C56E0D00E7EFEA /* TechPod */ = {
			isa = PBXNativeTarget;
			buildConfigurationList = CD2CC7D426C56E0E00E7EFEA /* Build configuration list for PBXNativeTarget "TechPod" */;
			buildPhases = (
				CD2CC7A626C56E0D00E7EFEA /* Sources */,
				CD2CC7A726C56E0D00E7EFEA /* Frameworks */,
				CD2CC7A826C56E0D00E7EFEA /* Resources */,
			);
			buildRules = (
			);
			dependencies = (
			);
			name = TechPod;
			productName = TechPod;
			productReference = CD2CC7AA26C56E0D00E7EFEA /* TechPod.app */;
			productType = "com.apple.product-type.application";
		};
		CD2CC7BF26C56E0E00E7EFEA /* TechPodTests */ = {
			isa = PBXNativeTarget;
			buildConfigurationList = CD2CC7D726C56E0E00E7EFEA /* Build configuration list for PBXNativeTarget "TechPodTests" */;
			buildPhases = (
				CD2CC7BC26C56E0E00E7EFEA /* Sources */,
				CD2CC7BD26C56E0E00E7EFEA /* Frameworks */,
				CD2CC7BE26C56E0E00E7EFEA /* Resources */,
			);
			buildRules = (
			);
			dependencies = (
				CD2CC7C226C56E0E00E7EFEA /* PBXTargetDependency */,
			);
			name = TechPodTests;
			productName = TechPodTests;
			productReference = CD2CC7C026C56E0E00E7EFEA /* TechPodTests.xctest */;
			productType = "com.apple.product-type.bundle.unit-test";
		};
		CD2CC7CA26C56E0E00E7EFEA /* TechPodUITests */ = {
			isa = PBXNativeTarget;
			buildConfigurationList = CD2CC7DA26C56E0E00E7EFEA /* Build configuration list for PBXNativeTarget "TechPodUITests" */;
			buildPhases = (
				CD2CC7C726C56E0E00E7EFEA /* Sources */,
				CD2CC7C826C56E0E00E7EFEA /* Frameworks */,
				CD2CC7C926C56E0E00E7EFEA /* Resources */,
			);
			buildRules = (
			);
			dependencies = (
				CD2CC7CD26C56E0E00E7EFEA /* PBXTargetDependency */,
			);
			name = TechPodUITests;
			productName = TechPodUITests;
			productReference = CD2CC7CB26C56E0E00E7EFEA /* TechPodUITests.xctest */;
			productType = "com.apple.product-type.bundle.ui-testing";
		};
/* End PBXNativeTarget section */

/* Begin PBXProject section */
		CD2CC7A226C56E0D00E7EFEA /* Project object */ = {
			isa = PBXProject;
			attributes = {
				LastSwiftUpdateCheck = 1250;
				LastUpgradeCheck = 1250;
				TargetAttributes = {
					CD2CC7A926C56E0D00E7EFEA = {
						CreatedOnToolsVersion = 12.5.1;
					};
					CD2CC7BF26C56E0E00E7EFEA = {
						CreatedOnToolsVersion = 12.5.1;
						TestTargetID = CD2CC7A926C56E0D00E7EFEA;
					};
					CD2CC7CA26C56E0E00E7EFEA = {
						CreatedOnToolsVersion = 12.5.1;
						TestTargetID = CD2CC7A926C56E0D00E7EFEA;
					};
				};
			};
			buildConfigurationList = CD2CC7A526C56E0D00E7EFEA /* Build configuration list for PBXProject "TechPod" */;
			compatibilityVersion = "Xcode 9.3";
			developmentRegion = en;
			hasScannedForEncodings = 0;
			knownRegions = (
				en,
				Base,
			);
			mainGroup = CD2CC7A126C56E0D00E7EFEA;
			productRefGroup = CD2CC7AB26C56E0D00E7EFEA /* Products */;
			projectDirPath = "";
			projectRoot = "";
			targets = (
				CD2CC7A926C56E0D00E7EFEA /* TechPod */,
				CD2CC7BF26C56E0E00E7EFEA /* TechPodTests */,
				CD2CC7CA26C56E0E00E7EFEA /* TechPodUITests */,
			);
		};
/* End PBXProject section */

/* Begin PBXResourcesBuildPhase section */
		CD2CC7A826C56E0D00E7EFEA /* Resources */ = {
			isa = PBXResourcesBuildPhase;
			buildActionMask = 2147483647;
			files = (
				CD2CC7BA26C56E0E00E7EFEA /* LaunchScreen.storyboard in Resources */,
				CD2CC7E626C6072800E7EFEA /* cannon.mp3 in Resources */,
				CD2CC7EB26C6072800E7EFEA /* Bach.jpg in Resources */,
				CD2CC7E726C6072800E7EFEA /* elise.mp3 in Resources */,
				CD2CC7B726C56E0E00E7EFEA /* Assets.xcassets in Resources */,
				CD2CC7EA26C6072800E7EFEA /* Pachelbel.jpg in Resources */,
				CD2CC7B526C56E0D00E7EFEA /* Main.storyboard in Resources */,
				CD2CC7E826C6072800E7EFEA /* aria.mp3 in Resources */,
				CD2CC7E926C6072800E7EFEA /* Beethoven.jpg in Resources */,
			);
			runOnlyForDeploymentPostprocessing = 0;
		};
		CD2CC7BE26C56E0E00E7EFEA /* Resources */ = {
			isa = PBXResourcesBuildPhase;
			buildActionMask = 2147483647;
			files = (
			);
			runOnlyForDeploymentPostprocessing = 0;
		};
		CD2CC7C926C56E0E00E7EFEA /* Resources */ = {
			isa = PBXResourcesBuildPhase;
			buildActionMask = 2147483647;
			files = (
			);
			runOnlyForDeploymentPostprocessing = 0;
		};
/* End PBXResourcesBuildPhase section */

/* Begin PBXSourcesBuildPhase section */
		CD2CC7A626C56E0D00E7EFEA /* Sources */ = {
			isa = PBXSourcesBuildPhase;
			buildActionMask = 2147483647;
			files = (
				CD2CC7B226C56E0D00E7EFEA /* ViewController.swift in Sources */,
				CD2CC7AE26C56E0D00E7EFEA /* AppDelegate.swift in Sources */,
				CD2CC7B026C56E0D00E7EFEA /* SceneDelegate.swift in Sources */,
			);
			runOnlyForDeploymentPostprocessing = 0;
		};
		CD2CC7BC26C56E0E00E7EFEA /* Sources */ = {
			isa = PBXSourcesBuildPhase;
			buildActionMask = 2147483647;
			files = (
				CD2CC7C526C56E0E00E7EFEA /* TechPodTests.swift in Sources */,
			);
			runOnlyForDeploymentPostprocessing = 0;
		};
		CD2CC7C726C56E0E00E7EFEA /* Sources */ = {
			isa = PBXSourcesBuildPhase;
			buildActionMask = 2147483647;
			files = (
				CD2CC7D026C56E0E00E7EFEA /* TechPodUITests.swift in Sources */,
			);
			runOnlyForDeploymentPostprocessing = 0;
		};
/* End PBXSourcesBuildPhase section */

/* Begin PBXTargetDependency section */
		CD2CC7C226C56E0E00E7EFEA /* PBXTargetDependency */ = {
			isa = PBXTargetDependency;
			target = CD2CC7A926C56E0D00E7EFEA /* TechPod */;
			targetProxy = CD2CC7C126C56E0E00E7EFEA /* PBXContainerItemProxy */;
		};
		CD2CC7CD26C56E0E00E7EFEA /* PBXTargetDependency */ = {
			isa = PBXTargetDependency;
			target = CD2CC7A926C56E0D00E7EFEA /* TechPod */;
			targetProxy = CD2CC7CC26C56E0E00E7EFEA /* PBXContainerItemProxy */;
		};
/* End PBXTargetDependency section */

/* Begin PBXVariantGroup section */
		CD2CC7B326C56E0D00E7EFEA /* Main.storyboard */ = {
			isa = PBXVariantGroup;
			children = (
				CD2CC7B426C56E0D00E7EFEA /* Base */,
			);
			name = Main.storyboard;
			sourceTree = "<group>";
		};
		CD2CC7B826C56E0E00E7EFEA /* LaunchScreen.storyboard */ = {
			isa = PBXVariantGroup;
			children = (
				CD2CC7B926C56E0E00E7EFEA /* Base */,
			);
			name = LaunchScreen.storyboard;
			sourceTree = "<group>";
		};
/* End PBXVariantGroup section */

/* Begin XCBuildConfiguration section */
		CD2CC7D226C56E0E00E7EFEA /* Debug */ = {
			isa = XCBuildConfiguration;
			buildSettings = {
				ALWAYS_SEARCH_USER_PATHS = NO;
				CLANG_ANALYZER_NONNULL = YES;
				CLANG_ANALYZER_NUMBER_OBJECT_CONVERSION = YES_AGGRESSIVE;
				CLANG_CXX_LANGUAGE_STANDARD = "gnu++14";
				CLANG_CXX_LIBRARY = "libc++";
				CLANG_ENABLE_MODULES = YES;
				CLANG_ENABLE_OBJC_ARC = YES;
				CLANG_ENABLE_OBJC_WEAK = YES;
				CLANG_WARN_BLOCK_CAPTURE_AUTORELEASING = YES;
				CLANG_WARN_BOOL_CONVERSION = YES;
				CLANG_WARN_COMMA = YES;
				CLANG_WARN_CONSTANT_CONVERSION = YES;
				CLANG_WARN_DEPRECATED_OBJC_IMPLEMENTATIONS = YES;
				CLANG_WARN_DIRECT_OBJC_ISA_USAGE = YES_ERROR;
				CLANG_WARN_DOCUMENTATION_COMMENTS = YES;
				CLANG_WARN_EMPTY_BODY = YES;
				CLANG_WARN_ENUM_CONVERSION = YES;
				CLANG_WARN_INFINITE_RECURSION = YES;
				CLANG_WARN_INT_CONVERSION = YES;
				CLANG_WARN_NON_LITERAL_NULL_CONVERSION = YES;
				CLANG_WARN_OBJC_IMPLICIT_RETAIN_SELF = YES;
				CLANG_WARN_OBJC_LITERAL_CONVERSION = YES;
				CLANG_WARN_OBJC_ROOT_CLASS = YES_ERROR;
				CLANG_WARN_QUOTED_INCLUDE_IN_FRAMEWORK_HEADER = YES;
				CLANG_WARN_RANGE_LOOP_ANALYSIS = YES;
				CLANG_WARN_STRICT_PROTOTYPES = YES;
				CLANG_WARN_SUSPICIOUS_MOVE = YES;
				CLANG_WARN_UNGUARDED_AVAILABILITY = YES_AGGRESSIVE;
				CLANG_WARN_UNREACHABLE_CODE = YES;
				CLANG_WARN__DUPLICATE_METHOD_MATCH = YES;
				COPY_PHASE_STRIP = NO;
				DEBUG_INFORMATION_FORMAT = dwarf;
				ENABLE_STRICT_OBJC_MSGSEND = YES;
				ENABLE_TESTABILITY = YES;
				GCC_C_LANGUAGE_STANDARD = gnu11;
				GCC_DYNAMIC_NO_PIC = NO;
				GCC_NO_COMMON_BLOCKS = YES;
				GCC_OPTIMIZATION_LEVEL = 0;
				GCC_PREPROCESSOR_DEFINITIONS = (
					"DEBUG=1",
					"$(inherited)",
				);
				GCC_WARN_64_TO_32_BIT_CONVERSION = YES;
				GCC_WARN_ABOUT_RETURN_TYPE = YES_ERROR;
				GCC_WARN_UNDECLARED_SELECTOR = YES;
				GCC_WARN_UNINITIALIZED_AUTOS = YES_AGGRESSIVE;
				GCC_WARN_UNUSED_FUNCTION = YES;
				GCC_WARN_UNUSED_VARIABLE = YES;
				IPHONEOS_DEPLOYMENT_TARGET = 14.5;
				MTL_ENABLE_DEBUG_INFO = INCLUDE_SOURCE;
				MTL_FAST_MATH = YES;
				ONLY_ACTIVE_ARCH = YES;
				SDKROOT = iphoneos;
				SWIFT_ACTIVE_COMPILATION_CONDITIONS = DEBUG;
				SWIFT_OPTIMIZATION_LEVEL = "-Onone";
			};
			name = Debug;
		};
		CD2CC7D326C56E0E00E7EFEA /* Release */ = {
			isa = XCBuildConfiguration;
			buildSettings = {
				ALWAYS_SEARCH_USER_PATHS = NO;
				CLANG_ANALYZER_NONNULL = YES;
				CLANG_ANALYZER_NUMBER_OBJECT_CONVERSION = YES_AGGRESSIVE;
				CLANG_CXX_LANGUAGE_STANDARD = "gnu++14";
				CLANG_CXX_LIBRARY = "libc++";
				CLANG_ENABLE_MODULES = YES;
				CLANG_ENABLE_OBJC_ARC = YES;
				CLANG_ENABLE_OBJC_WEAK = YES;
				CLANG_WARN_BLOCK_CAPTURE_AUTORELEASING = YES;
				CLANG_WARN_BOOL_CONVERSION = YES;
				CLANG_WARN_COMMA = YES;
				CLANG_WARN_CONSTANT_CONVERSION = YES;
				CLANG_WARN_DEPRECATED_OBJC_IMPLEMENTATIONS = YES;
				CLANG_WARN_DIRECT_OBJC_ISA_USAGE = YES_ERROR;
				CLANG_WARN_DOCUMENTATION_COMMENTS = YES;
				CLANG_WARN_EMPTY_BODY = YES;
				CLANG_WARN_ENUM_CONVERSION = YES;
				CLANG_WARN_INFINITE_RECURSION = YES;
				CLANG_WARN_INT_CONVERSION = YES;
				CLANG_WARN_NON_LITERAL_NULL_CONVERSION = YES;
				CLANG_WARN_OBJC_IMPLICIT_RETAIN_SELF = YES;
				CLANG_WARN_OBJC_LITERAL_CONVERSION = YES;
				CLANG_WARN_OBJC_ROOT_CLASS = YES_ERROR;
				CLANG_WARN_QUOTED_INCLUDE_IN_FRAMEWORK_HEADER = YES;
				CLANG_WARN_RANGE_LOOP_ANALYSIS = YES;
				CLANG_WARN_STRICT_PROTOTYPES = YES;
				CLANG_WARN_SUSPICIOUS_MOVE = YES;
				CLANG_WARN_UNGUARDED_AVAILABILITY = YES_AGGRESSIVE;
				CLANG_WARN_UNREACHABLE_CODE = YES;
				CLANG_WARN__DUPLICATE_METHOD_MATCH = YES;
				COPY_PHASE_STRIP = NO;
				DEBUG_INFORMATION_FORMAT = "dwarf-with-dsym";
				ENABLE_NS_ASSERTIONS = NO;
				ENABLE_STRICT_OBJC_MSGSEND = YES;
				GCC_C_LANGUAGE_STANDARD = gnu11;
				GCC_NO_COMMON_BLOCKS = YES;
				GCC_WARN_64_TO_32_BIT_CONVERSION = YES;
				GCC_WARN_ABOUT_RETURN_TYPE = YES_ERROR;
				GCC_WARN_UNDECLARED_SELECTOR = YES;
				GCC_WARN_UNINITIALIZED_AUTOS = YES_AGGRESSIVE;
				GCC_WARN_UNUSED_FUNCTION = YES;
				GCC_WARN_UNUSED_VARIABLE = YES;
				IPHONEOS_DEPLOYMENT_TARGET = 14.5;
				MTL_ENABLE_DEBUG_INFO = NO;
				MTL_FAST_MATH = YES;
				SDKROOT = iphoneos;
				SWIFT_COMPILATION_MODE = wholemodule;
				SWIFT_OPTIMIZATION_LEVEL = "-O";
				VALIDATE_PRODUCT = YES;
			};
			name = Release;
		};
		CD2CC7D526C56E0E00E7EFEA /* Debug */ = {
			isa = XCBuildConfiguration;
			buildSettings = {
				ASSETCATALOG_COMPILER_APPICON_NAME = AppIcon;
				ASSETCATALOG_COMPILER_GLOBAL_ACCENT_COLOR_NAME = AccentColor;
				CODE_SIGN_STYLE = Automatic;
				DEVELOPMENT_TEAM = "";
				INFOPLIST_FILE = TechPod/Info.plist;
				LD_RUNPATH_SEARCH_PATHS = (
					"$(inherited)",
					"@executable_path/Frameworks",
				);
				PRODUCT_BUNDLE_IDENTIFIER = app.pico.ogoshi.TechPod;
				PRODUCT_NAME = "$(TARGET_NAME)";
				SWIFT_VERSION = 5.0;
				TARGETED_DEVICE_FAMILY = "1,2";
			};
			name = Debug;
		};
		CD2CC7D626C56E0E00E7EFEA /* Release */ = {
			isa = XCBuildConfiguration;
			buildSettings = {
				ASSETCATALOG_COMPILER_APPICON_NAME = AppIcon;
				ASSETCATALOG_COMPILER_GLOBAL_ACCENT_COLOR_NAME = AccentColor;
				CODE_SIGN_STYLE = Automatic;
				DEVELOPMENT_TEAM = "";
				INFOPLIST_FILE = TechPod/Info.plist;
				LD_RUNPATH_SEARCH_PATHS = (
					"$(inherited)",
					"@executable_path/Frameworks",
				);
				PRODUCT_BUNDLE_IDENTIFIER = app.pico.ogoshi.TechPod;
				PRODUCT_NAME = "$(TARGET_NAME)";
				SWIFT_VERSION = 5.0;
				TARGETED_DEVICE_FAMILY = "1,2";
			};
			name = Release;
		};
		CD2CC7D826C56E0E00E7EFEA /* Debug */ = {
			isa = XCBuildConfiguration;
			buildSettings = {
				ALWAYS_EMBED_SWIFT_STANDARD_LIBRARIES = YES;
				BUNDLE_LOADER = "$(TEST_HOST)";
				CODE_SIGN_STYLE = Automatic;
				INFOPLIST_FILE = TechPodTests/Info.plist;
				IPHONEOS_DEPLOYMENT_TARGET = 14.5;
				LD_RUNPATH_SEARCH_PATHS = (
					"$(inherited)",
					"@executable_path/Frameworks",
					"@loader_path/Frameworks",
				);
				PRODUCT_BUNDLE_IDENTIFIER = app.pico.ogoshi.TechPodTests;
				PRODUCT_NAME = "$(TARGET_NAME)";
				SWIFT_VERSION = 5.0;
				TARGETED_DEVICE_FAMILY = "1,2";
				TEST_HOST = "$(BUILT_PRODUCTS_DIR)/TechPod.app/TechPod";
			};
			name = Debug;
		};
		CD2CC7D926C56E0E00E7EFEA /* Release */ = {
			isa = XCBuildConfiguration;
			buildSettings = {
				ALWAYS_EMBED_SWIFT_STANDARD_LIBRARIES = YES;
				BUNDLE_LOADER = "$(TEST_HOST)";
				CODE_SIGN_STYLE = Automatic;
				INFOPLIST_FILE = TechPodTests/Info.plist;
				IPHONEOS_DEPLOYMENT_TARGET = 14.5;
				LD_RUNPATH_SEARCH_PATHS = (
					"$(inherited)",
					"@executable_path/Frameworks",
					"@loader_path/Frameworks",
				);
				PRODUCT_BUNDLE_IDENTIFIER = app.pico.ogoshi.TechPodTests;
				PRODUCT_NAME = "$(TARGET_NAME)";
				SWIFT_VERSION = 5.0;
				TARGETED_DEVICE_FAMILY = "1,2";
				TEST_HOST = "$(BUILT_PRODUCTS_DIR)/TechPod.app/TechPod";
			};
			name = Release;
		};
		CD2CC7DB26C56E0E00E7EFEA /* Debug */ = {
			isa = XCBuildConfiguration;
			buildSettings = {
				ALWAYS_EMBED_SWIFT_STANDARD_LIBRARIES = YES;
				CODE_SIGN_STYLE = Automatic;
				INFOPLIST_FILE = TechPodUITests/Info.plist;
				LD_RUNPATH_SEARCH_PATHS = (
					"$(inherited)",
					"@executable_path/Frameworks",
					"@loader_path/Frameworks",
				);
				PRODUCT_BUNDLE_IDENTIFIER = app.pico.ogoshi.TechPodUITests;
				PRODUCT_NAME = "$(TARGET_NAME)";
				SWIFT_VERSION = 5.0;
				TARGETED_DEVICE_FAMILY = "1,2";
				TEST_TARGET_NAME = TechPod;
			};
			name = Debug;
		};
		CD2CC7DC26C56E0E00E7EFEA /* Release */ = {
			isa = XCBuildConfiguration;
			buildSettings = {
				ALWAYS_EMBED_SWIFT_STANDARD_LIBRARIES = YES;
				CODE_SIGN_STYLE = Automatic;
				INFOPLIST_FILE = TechPodUITests/Info.plist;
				LD_RUNPATH_SEARCH_PATHS = (
					"$(inherited)",
					"@executable_path/Frameworks",
					"@loader_path/Frameworks",
				);
				PRODUCT_BUNDLE_IDENTIFIER = app.pico.ogoshi.TechPodUITests;
				PRODUCT_NAME = "$(TARGET_NAME)";
				SWIFT_VERSION = 5.0;
				TARGETED_DEVICE_FAMILY = "1,2";
				TEST_TARGET_NAME = TechPod;
			};
			name = Release;
		};
/* End XCBuildConfiguration section */

/* Begin XCConfigurationList section */
		CD2CC7A526C56E0D00E7EFEA /* Build configuration list for PBXProject "TechPod" */ = {
			isa = XCConfigurationList;
			buildConfigurations = (
				CD2CC7D226C56E0E00E7EFEA /* Debug */,
				CD2CC7D326C56E0E00E7EFEA /* Release */,
			);
			defaultConfigurationIsVisible = 0;
			defaultConfigurationName = Release;
		};
		CD2CC7D426C56E0E00E7EFEA /* Build configuration list for PBXNativeTarget "TechPod" */ = {
			isa = XCConfigurationList;
			buildConfigurations = (
				CD2CC7D526C56E0E00E7EFEA /* Debug */,
				CD2CC7D626C56E0E00E7EFEA /* Release */,
			);
			defaultConfigurationIsVisible = 0;
			defaultConfigurationName = Release;
		};
		CD2CC7D726C56E0E00E7EFEA /* Build configuration list for PBXNativeTarget "TechPodTests" */ = {
			isa = XCConfigurationList;
			buildConfigurations = (
				CD2CC7D826C56E0E00E7EFEA /* Debug */,
				CD2CC7D926C56E0E00E7EFEA /* Release */,
			);
			defaultConfigurationIsVisible = 0;
			defaultConfigurationName = Release;
		};
		CD2CC7DA26C56E0E00E7EFEA /* Build configuration list for PBXNativeTarget "TechPodUITests" */ = {
			isa = XCConfigurationList;
			buildConfigurations = (
				CD2CC7DB26C56E0E00E7EFEA /* Debug */,
				CD2CC7DC26C56E0E00E7EFEA /* Release */,
			);
			defaultConfigurationIsVisible = 0;
			defaultConfigurationName = Release;
		};
/* End XCConfigurationList section */
	};
	rootObject = CD2CC7A226C56E0D00E7EFEA /* Project object */;
}
